{
  "name": "test-import",
  "version": "1.0.0",
  "lockfileVersion": 2,
  "requires": true,
  "packages": {
    "": {
      "name": "test-import",
      "version": "1.0.0",
      "license": "ISC",
      "dependencies": {
        "faiss-node": "file:.."
      }
    },
    "..": {
      "version": "0.1.1",
      "hasInstallScript": true,
      "license": "MIT",
      "dependencies": {
        "bindings": "^1.5.0",
        "node-addon-api": "^6.0.0",
        "prebuild-install": "^7.1.1"
      },
      "devDependencies": {
        "cmake-js": "^7.2.1",
        "jest": "^29.5.0",
        "prebuild": "^11.0.4",
        "typedoc": "^0.23.28"
      },
      "engines": {
        "node": ">= 14.0.0"
      }
    },
    "node_modules/faiss-node": {
      "resolved": "..",
      "link": true
    }
  },
  "dependencies": {
    "faiss-node": {
      "version": "file:..",
      "requires": {
        "bindings": "^1.5.0",
        "cmake-js": "^7.2.1",
        "jest": "^29.5.0",
        "node-addon-api": "^6.0.0",
        "prebuild": "^11.0.4",
        "prebuild-install": "^7.1.1",
        "typedoc": "^0.23.28"
      }
    }
  }
}
